// !$*UTF8*$!
{
	archiveVersion = 1;
	classes = {
	};
	objectVersion = 50;
	objects = {

/* Begin PBXBuildFile section */
		41578A79265EAD64008CD06C /* LifeTapApp.swift in Sources */ = {isa = PBXBuildFile; fileRef = 41578A78265EAD64008CD06C /* LifeTapApp.swift */; };
		41578A7B265EAD65008CD06C /* ContentView.swift in Sources */ = {isa = PBXBuildFile; fileRef = 41578A7A265EAD64008CD06C /* ContentView.swift */; };
		41578A7D265EAD69008CD06C /* Assets.xcassets in Resources */ = {isa = PBXBuildFile; fileRef = 41578A7C265EAD69008CD06C /* Assets.xcassets */; };
		41578A80265EAD69008CD06C /* Preview Assets.xcassets in Resources */ = {isa = PBXBuildFile; fileRef = 41578A7F265EAD69008CD06C /* Preview Assets.xcassets */; };
		41578A8B265EAD6A008CD06C /* LifeTapTests.swift in Sources */ = {isa = PBXBuildFile; fileRef = 41578A8A265EAD6A008CD06C /* LifeTapTests.swift */; };
		41578A96265EAD6A008CD06C /* LifeTapUITests.swift in Sources */ = {isa = PBXBuildFile; fileRef = 41578A95265EAD6A008CD06C /* LifeTapUITests.swift */; };
/* End PBXBuildFile section */

/* Begin PBXContainerItemProxy section */
		41578A87265EAD6A008CD06C /* PBXContainerItemProxy */ = {
			isa = PBXContainerItemProxy;
			containerPortal = 41578A6D265EAD64008CD06C /* Project object */;
			proxyType = 1;
			remoteGlobalIDString = 41578A74265EAD64008CD06C;
			remoteInfo = LifeTap;
		};
		41578A92265EAD6A008CD06C /* PBXContainerItemProxy */ = {
			isa = PBXContainerItemProxy;
			containerPortal = 41578A6D265EAD64008CD06C /* Project object */;
			proxyType = 1;
			remoteGlobalIDString = 41578A74265EAD64008CD06C;
			remoteInfo = LifeTap;
		};
/* End PBXContainerItemProxy section */

/* Begin PBXFileReference section */
		41578A75265EAD64008CD06C /* LifeTap.app */ = {isa = PBXFileReference; explicitFileType = wrapper.application; includeInIndex = 0; path = LifeTap.app; sourceTree = BUILT_PRODUCTS_DIR; };
		41578A78265EAD64008CD06C /* LifeTapApp.swift */ = {isa = PBXFileReference; lastKnownFileType = sourcecode.swift; path = LifeTapApp.swift; sourceTree = "<group>"; };
		41578A7A265EAD64008CD06C /* ContentView.swift */ = {isa = PBXFileReference; lastKnownFileType = sourcecode.swift; path = ContentView.swift; sourceTree = "<group>"; };
		41578A7C265EAD69008CD06C /* Assets.xcassets */ = {isa = PBXFileReference; lastKnownFileType = folder.assetcatalog; path = Assets.xcassets; sourceTree = "<group>"; };
		41578A7F265EAD69008CD06C /* Preview Assets.xcassets */ = {isa = PBXFileReference; lastKnownFileType = folder.assetcatalog; path = "Preview Assets.xcassets"; sourceTree = "<group>"; };
		41578A81265EAD69008CD06C /* Info.plist */ = {isa = PBXFileReference; lastKnownFileType = text.plist.xml; path = Info.plist; sourceTree = "<group>"; };
		41578A86265EAD6A008CD06C /* LifeTapTests.xctest */ = {isa = PBXFileReference; explicitFileType = wrapper.cfbundle; includeInIndex = 0; path = LifeTapTests.xctest; sourceTree = BUILT_PRODUCTS_DIR; };
		41578A8A265EAD6A008CD06C /* LifeTapTests.swift */ = {isa = PBXFileReference; lastKnownFileType = sourcecode.swift; path = LifeTapTests.swift; sourceTree = "<group>"; };
		41578A8C265EAD6A008CD06C /* Info.plist */ = {isa = PBXFileReference; lastKnownFileType = text.plist.xml; path = Info.plist; sourceTree = "<group>"; };
		41578A91265EAD6A008CD06C /* LifeTapUITests.xctest */ = {isa = PBXFileReference; explicitFileType = wrapper.cfbundle; includeInIndex = 0; path = LifeTapUITests.xctest; sourceTree = BUILT_PRODUCTS_DIR; };
		41578A95265EAD6A008CD06C /* LifeTapUITests.swift */ = {isa = PBXFileReference; lastKnownFileType = sourcecode.swift; path = LifeTapUITests.swift; sourceTree = "<group>"; };
		41578A97265EAD6A008CD06C /* Info.plist */ = {isa = PBXFileReference; lastKnownFileType = text.plist.xml; path = Info.plist; sourceTree = "<group>"; };
/* End PBXFileReference section */

/* Begin PBXFrameworksBuildPhase section */
		41578A72265EAD64008CD06C /* Frameworks */ = {
			isa = PBXFrameworksBuildPhase;
			buildActionMask = 2147483647;
			files = (
			);
			runOnlyForDeploymentPostprocessing = 0;
		};
		41578A83265EAD6A008CD06C /* Frameworks */ = {
			isa = PBXFrameworksBuildPhase;
			buildActionMask = 2147483647;
			files = (
			);
			runOnlyForDeploymentPostprocessing = 0;
		};
		41578A8E265EAD6A008CD06C /* Frameworks */ = {
			isa = PBXFrameworksBuildPhase;
			buildActionMask = 2147483647;
			files = (
			);
			runOnlyForDeploymentPostprocessing = 0;
		};
/* End PBXFrameworksBuildPhase section */

/* Begin PBXGroup section */
		41578A6C265EAD64008CD06C = {
			isa = PBXGroup;
			children = (
				41578A77265EAD64008CD06C /* LifeTap */,
				41578A89265EAD6A008CD06C /* LifeTapTests */,
				41578A94265EAD6A008CD06C /* LifeTapUITests */,
				41578A76265EAD64008CD06C /* Products */,
			);
			sourceTree = "<group>";
		};
		41578A76265EAD64008CD06C /* Products */ = {
			isa = PBXGroup;
			children = (
				41578A75265EAD64008CD06C /* LifeTap.app */,
				41578A86265EAD6A008CD06C /* LifeTapTests.xctest */,
				41578A91265EAD6A008CD06C /* LifeTapUITests.xctest */,
			);
			name = Products;
			sourceTree = "<group>";
		};
		41578A77265EAD64008CD06C /* LifeTap */ = {
			isa = PBXGroup;
			children = (
				41578A78265EAD64008CD06C /* LifeTapApp.swift */,
				41578A7A265EAD64008CD06C /* ContentView.swift */,
				41578A7C265EAD69008CD06C /* Assets.xcassets */,
				41578A81265EAD69008CD06C /* Info.plist */,
				41578A7E265EAD69008CD06C /* Preview Content */,
			);
			path = LifeTap;
			sourceTree = "<group>";
		};
		41578A7E265EAD69008CD06C /* Preview Content */ = {
			isa = PBXGroup;
			children = (
				41578A7F265EAD69008CD06C /* Preview Assets.xcassets */,
			);
			path = "Preview Content";
			sourceTree = "<group>";
		};
		41578A89265EAD6A008CD06C /* LifeTapTests */ = {
			isa = PBXGroup;
			children = (
				41578A8A265EAD6A008CD06C /* LifeTapTests.swift */,
				41578A8C265EAD6A008CD06C /* Info.plist */,
			);
			path = LifeTapTests;
			sourceTree = "<group>";
		};
		41578A94265EAD6A008CD06C /* LifeTapUITests */ = {
			isa = PBXGroup;
			children = (
				41578A95265EAD6A008CD06C /* LifeTapUITests.swift */,
				41578A97265EAD6A008CD06C /* Info.plist */,
			);
			path = LifeTapUITests;
			sourceTree = "<group>";
		};
/* End PBXGroup section */

/* Begin PBXNativeTarget section */
		41578A74265EAD64008CD06C /* LifeTap */ = {
			isa = PBXNativeTarget;
			buildConfigurationList = 41578A9A265EAD6A008CD06C /* Build configuration list for PBXNativeTarget "LifeTap" */;
			buildPhases = (
				41578A71265EAD64008CD06C /* Sources */,
				41578A72265EAD64008CD06C /* Frameworks */,
				41578A73265EAD64008CD06C /* Resources */,
			);
			buildRules = (
			);
			dependencies = (
			);
			name = LifeTap;
			productName = LifeTap;
			productReference = 41578A75265EAD64008CD06C /* LifeTap.app */;
			productType = "com.apple.product-type.application";
		};
		41578A85265EAD6A008CD06C /* LifeTapTests */ = {
			isa = PBXNativeTarget;
			buildConfigurationList = 41578A9D265EAD6A008CD06C /* Build configuration list for PBXNativeTarget "LifeTapTests" */;
			buildPhases = (
				41578A82265EAD6A008CD06C /* Sources */,
				41578A83265EAD6A008CD06C /* Frameworks */,
				41578A84265EAD6A008CD06C /* Resources */,
			);
			buildRules = (
			);
			dependencies = (
				41578A88265EAD6A008CD06C /* PBXTargetDependency */,
			);
			name = LifeTapTests;
			productName = LifeTapTests;
			productReference = 41578A86265EAD6A008CD06C /* LifeTapTests.xctest */;
			productType = "com.apple.product-type.bundle.unit-test";
		};
		41578A90265EAD6A008CD06C /* LifeTapUITests */ = {
			isa = PBXNativeTarget;
			buildConfigurationList = 41578AA0265EAD6A008CD06C /* Build configuration list for PBXNativeTarget "LifeTapUITests" */;
			buildPhases = (
				41578A8D265EAD6A008CD06C /* Sources */,
				41578A8E265EAD6A008CD06C /* Frameworks */,
				41578A8F265EAD6A008CD06C /* Resources */,
			);
			buildRules = (
			);
			dependencies = (
				41578A93265EAD6A008CD06C /* PBXTargetDependency */,
			);
			name = LifeTapUITests;
			productName = LifeTapUITests;
			productReference = 41578A91265EAD6A008CD06C /* LifeTapUITests.xctest */;
			productType = "com.apple.product-type.bundle.ui-testing";
		};
/* End PBXNativeTarget section */

/* Begin PBXProject section */
		41578A6D265EAD64008CD06C /* Project object */ = {
			isa = PBXProject;
			attributes = {
				LastSwiftUpdateCheck = 1250;
				LastUpgradeCheck = 1250;
				TargetAttributes = {
					41578A74265EAD64008CD06C = {
						CreatedOnToolsVersion = 12.5;
					};
					41578A85265EAD6A008CD06C = {
						CreatedOnToolsVersion = 12.5;
						TestTargetID = 41578A74265EAD64008CD06C;
					};
					41578A90265EAD6A008CD06C = {
						CreatedOnToolsVersion = 12.5;
						TestTargetID = 41578A74265EAD64008CD06C;
					};
				};
			};
			buildConfigurationList = 41578A70265EAD64008CD06C /* Build configuration list for PBXProject "LifeTap" */;
			compatibilityVersion = "Xcode 9.3";
			developmentRegion = en;
			hasScannedForEncodings = 0;
			knownRegions = (
				en,
				Base,
			);
			mainGroup = 41578A6C265EAD64008CD06C;
			productRefGroup = 41578A76265EAD64008CD06C /* Products */;
			projectDirPath = "";
			projectRoot = "";
			targets = (
				41578A74265EAD64008CD06C /* LifeTap */,
				41578A85265EAD6A008CD06C /* LifeTapTests */,
				41578A90265EAD6A008CD06C /* LifeTapUITests */,
			);
		};
/* End PBXProject section */

/* Begin PBXResourcesBuildPhase section */
		41578A73265EAD64008CD06C /* Resources */ = {
			isa = PBXResourcesBuildPhase;
			buildActionMask = 2147483647;
			files = (
				41578A80265EAD69008CD06C /* Preview Assets.xcassets in Resources */,
				41578A7D265EAD69008CD06C /* Assets.xcassets in Resources */,
			);
			runOnlyForDeploymentPostprocessing = 0;
		};
		41578A84265EAD6A008CD06C /* Resources */ = {
			isa = PBXResourcesBuildPhase;
			buildActionMask = 2147483647;
			files = (
			);
			runOnlyForDeploymentPostprocessing = 0;
		};
		41578A8F265EAD6A008CD06C /* Resources */ = {
			isa = PBXResourcesBuildPhase;
			buildActionMask = 2147483647;
			files = (
			);
			runOnlyForDeploymentPostprocessing = 0;
		};
/* End PBXResourcesBuildPhase section */

/* Begin PBXSourcesBuildPhase section */
		41578A71265EAD64008CD06C /* Sources */ = {
			isa = PBXSourcesBuildPhase;
			buildActionMask = 2147483647;
			files = (
				41578A7B265EAD65008CD06C /* ContentView.swift in Sources */,
				41578A79265EAD64008CD06C /* LifeTapApp.swift in Sources */,
			);
			runOnlyForDeploymentPostprocessing = 0;
		};
		41578A82265EAD6A008CD06C /* Sources */ = {
			isa = PBXSourcesBuildPhase;
			buildActionMask = 2147483647;
			files = (
				41578A8B265EAD6A008CD06C /* LifeTapTests.swift in Sources */,
			);
			runOnlyForDeploymentPostprocessing = 0;
		};
		41578A8D265EAD6A008CD06C /* Sources */ = {
			isa = PBXSourcesBuildPhase;
			buildActionMask = 2147483647;
			files = (
				41578A96265EAD6A008CD06C /* LifeTapUITests.swift in Sources */,
			);
			runOnlyForDeploymentPostprocessing = 0;
		};
/* End PBXSourcesBuildPhase section */

/* Begin PBXTargetDependency section */
		41578A88265EAD6A008CD06C /* PBXTargetDependency */ = {
			isa = PBXTargetDependency;
			target = 41578A74265EAD64008CD06C /* LifeTap */;
			targetProxy = 41578A87265EAD6A008CD06C /* PBXContainerItemProxy */;
		};
		41578A93265EAD6A008CD06C /* PBXTargetDependency */ = {
			isa = PBXTargetDependency;
			target = 41578A74265EAD64008CD06C /* LifeTap */;
			targetProxy = 41578A92265EAD6A008CD06C /* PBXContainerItemProxy */;
		};
/* End PBXTargetDependency section */

/* Begin XCBuildConfiguration section */
		41578A98265EAD6A008CD06C /* Debug */ = {
			isa = XCBuildConfiguration;
			buildSettings = {
				ALWAYS_SEARCH_USER_PATHS = NO;
				CLANG_ANALYZER_NONNULL = YES;
				CLANG_ANALYZER_NUMBER_OBJECT_CONVERSION = YES_AGGRESSIVE;
				CLANG_CXX_LANGUAGE_STANDARD = "gnu++14";
				CLANG_CXX_LIBRARY = "libc++";
				CLANG_ENABLE_MODULES = YES;
				CLANG_ENABLE_OBJC_ARC = YES;
				CLANG_ENABLE_OBJC_WEAK = YES;
				CLANG_WARN_BLOCK_CAPTURE_AUTORELEASING = YES;
				CLANG_WARN_BOOL_CONVERSION = YES;
				CLANG_WARN_COMMA = YES;
				CLANG_WARN_CONSTANT_CONVERSION = YES;
				CLANG_WARN_DEPRECATED_OBJC_IMPLEMENTATIONS = YES;
				CLANG_WARN_DIRECT_OBJC_ISA_USAGE = YES_ERROR;
				CLANG_WARN_DOCUMENTATION_COMMENTS = YES;
				CLANG_WARN_EMPTY_BODY = YES;
				CLANG_WARN_ENUM_CONVERSION = YES;
				CLANG_WARN_INFINITE_RECURSION = YES;
				CLANG_WARN_INT_CONVERSION = YES;
				CLANG_WARN_NON_LITERAL_NULL_CONVERSION = YES;
				CLANG_WARN_OBJC_IMPLICIT_RETAIN_SELF = YES;
				CLANG_WARN_OBJC_LITERAL_CONVERSION = YES;
				CLANG_WARN_OBJC_ROOT_CLASS = YES_ERROR;
				CLANG_WARN_QUOTED_INCLUDE_IN_FRAMEWORK_HEADER = YES;
				CLANG_WARN_RANGE_LOOP_ANALYSIS = YES;
				CLANG_WARN_STRICT_PROTOTYPES = YES;
				CLANG_WARN_SUSPICIOUS_MOVE = YES;
				CLANG_WARN_UNGUARDED_AVAILABILITY = YES_AGGRESSIVE;
				CLANG_WARN_UNREACHABLE_CODE = YES;
				CLANG_WARN__DUPLICATE_METHOD_MATCH = YES;
				COPY_PHASE_STRIP = NO;
				DEBUG_INFORMATION_FORMAT = dwarf;
				ENABLE_STRICT_OBJC_MSGSEND = YES;
				ENABLE_TESTABILITY = YES;
				GCC_C_LANGUAGE_STANDARD = gnu11;
				GCC_DYNAMIC_NO_PIC = NO;
				GCC_NO_COMMON_BLOCKS = YES;
				GCC_OPTIMIZATION_LEVEL = 0;
				GCC_PREPROCESSOR_DEFINITIONS = (
					"DEBUG=1",
					"$(inherited)",
				);
				GCC_WARN_64_TO_32_BIT_CONVERSION = YES;
				GCC_WARN_ABOUT_RETURN_TYPE = YES_ERROR;
				GCC_WARN_UNDECLARED_SELECTOR = YES;
				GCC_WARN_UNINITIALIZED_AUTOS = YES_AGGRESSIVE;
				GCC_WARN_UNUSED_FUNCTION = YES;
				GCC_WARN_UNUSED_VARIABLE = YES;
				IPHONEOS_DEPLOYMENT_TARGET = 14.5;
				MTL_ENABLE_DEBUG_INFO = INCLUDE_SOURCE;
				MTL_FAST_MATH = YES;
				ONLY_ACTIVE_ARCH = YES;
				SDKROOT = iphoneos;
				SWIFT_ACTIVE_COMPILATION_CONDITIONS = DEBUG;
				SWIFT_OPTIMIZATION_LEVEL = "-Onone";
			};
			name = Debug;
		};
		41578A99265EAD6A008CD06C /* Release */ = {
			isa = XCBuildConfiguration;
			buildSettings = {
				ALWAYS_SEARCH_USER_PATHS = NO;
				CLANG_ANALYZER_NONNULL = YES;
				CLANG_ANALYZER_NUMBER_OBJECT_CONVERSION = YES_AGGRESSIVE;
				CLANG_CXX_LANGUAGE_STANDARD = "gnu++14";
				CLANG_CXX_LIBRARY = "libc++";
				CLANG_ENABLE_MODULES = YES;
				CLANG_ENABLE_OBJC_ARC = YES;
				CLANG_ENABLE_OBJC_WEAK = YES;
				CLANG_WARN_BLOCK_CAPTURE_AUTORELEASING = YES;
				CLANG_WARN_BOOL_CONVERSION = YES;
				CLANG_WARN_COMMA = YES;
				CLANG_WARN_CONSTANT_CONVERSION = YES;
				CLANG_WARN_DEPRECATED_OBJC_IMPLEMENTATIONS = YES;
				CLANG_WARN_DIRECT_OBJC_ISA_USAGE = YES_ERROR;
				CLANG_WARN_DOCUMENTATION_COMMENTS = YES;
				CLANG_WARN_EMPTY_BODY = YES;
				CLANG_WARN_ENUM_CONVERSION = YES;
				CLANG_WARN_INFINITE_RECURSION = YES;
				CLANG_WARN_INT_CONVERSION = YES;
				CLANG_WARN_NON_LITERAL_NULL_CONVERSION = YES;
				CLANG_WARN_OBJC_IMPLICIT_RETAIN_SELF = YES;
				CLANG_WARN_OBJC_LITERAL_CONVERSION = YES;
				CLANG_WARN_OBJC_ROOT_CLASS = YES_ERROR;
				CLANG_WARN_QUOTED_INCLUDE_IN_FRAMEWORK_HEADER = YES;
				CLANG_WARN_RANGE_LOOP_ANALYSIS = YES;
				CLANG_WARN_STRICT_PROTOTYPES = YES;
				CLANG_WARN_SUSPICIOUS_MOVE = YES;
				CLANG_WARN_UNGUARDED_AVAILABILITY = YES_AGGRESSIVE;
				CLANG_WARN_UNREACHABLE_CODE = YES;
				CLANG_WARN__DUPLICATE_METHOD_MATCH = YES;
				COPY_PHASE_STRIP = NO;
				DEBUG_INFORMATION_FORMAT = "dwarf-with-dsym";
				ENABLE_NS_ASSERTIONS = NO;
				ENABLE_STRICT_OBJC_MSGSEND = YES;
				GCC_C_LANGUAGE_STANDARD = gnu11;
				GCC_NO_COMMON_BLOCKS = YES;
				GCC_WARN_64_TO_32_BIT_CONVERSION = YES;
				GCC_WARN_ABOUT_RETURN_TYPE = YES_ERROR;
				GCC_WARN_UNDECLARED_SELECTOR = YES;
				GCC_WARN_UNINITIALIZED_AUTOS = YES_AGGRESSIVE;
				GCC_WARN_UNUSED_FUNCTION = YES;
				GCC_WARN_UNUSED_VARIABLE = YES;
				IPHONEOS_DEPLOYMENT_TARGET = 14.5;
				MTL_ENABLE_DEBUG_INFO = NO;
				MTL_FAST_MATH = YES;
				SDKROOT = iphoneos;
				SWIFT_COMPILATION_MODE = wholemodule;
				SWIFT_OPTIMIZATION_LEVEL = "-O";
				VALIDATE_PRODUCT = YES;
			};
			name = Release;
		};
		41578A9B265EAD6A008CD06C /* Debug */ = {
			isa = XCBuildConfiguration;
			buildSettings = {
				ASSETCATALOG_COMPILER_APPICON_NAME = AppIcon;
				ASSETCATALOG_COMPILER_GLOBAL_ACCENT_COLOR_NAME = AccentColor;
				CODE_SIGN_STYLE = Automatic;
				DEVELOPMENT_ASSET_PATHS = "\"LifeTap/Preview Content\"";
				DEVELOPMENT_TEAM = RYF43CDV33;
				ENABLE_PREVIEWS = YES;
				INFOPLIST_FILE = LifeTap/Info.plist;
				IPHONEOS_DEPLOYMENT_TARGET = 14.0;
				LD_RUNPATH_SEARCH_PATHS = (
					"$(inherited)",
					"@executable_path/Frameworks",
				);
				PRODUCT_BUNDLE_IDENTIFIER = "Sabaz-shereef.LifeTap";
				PRODUCT_NAME = "$(TARGET_NAME)";
				SWIFT_VERSION = 5.0;
				TARGETED_DEVICE_FAMILY = "1,2";
			};
			name = Debug;
		};
		41578A9C265EAD6A008CD06C /* Release */ = {
			isa = XCBuildConfiguration;
			buildSettings = {
				ASSETCATALOG_COMPILER_APPICON_NAME = AppIcon;
				ASSETCATALOG_COMPILER_GLOBAL_ACCENT_COLOR_NAME = AccentColor;
				CODE_SIGN_STYLE = Automatic;
				DEVELOPMENT_ASSET_PATHS = "\"LifeTap/Preview Content\"";
				DEVELOPMENT_TEAM = RYF43CDV33;
				ENABLE_PREVIEWS = YES;
				INFOPLIST_FILE = LifeTap/Info.plist;
				IPHONEOS_DEPLOYMENT_TARGET = 14.0;
				LD_RUNPATH_SEARCH_PATHS = (
					"$(inherited)",
					"@executable_path/Frameworks",
				);
				PRODUCT_BUNDLE_IDENTIFIER = "Sabaz-shereef.LifeTap";
				PRODUCT_NAME = "$(TARGET_NAME)";
				SWIFT_VERSION = 5.0;
				TARGETED_DEVICE_FAMILY = "1,2";
			};
			name = Release;
		};
		41578A9E265EAD6A008CD06C /* Debug */ = {
			isa = XCBuildConfiguration;
			buildSettings = {
				ALWAYS_EMBED_SWIFT_STANDARD_LIBRARIES = YES;
				BUNDLE_LOADER = "$(TEST_HOST)";
				CODE_SIGN_STYLE = Automatic;
				DEVELOPMENT_TEAM = RYF43CDV33;
				INFOPLIST_FILE = LifeTapTests/Info.plist;
				IPHONEOS_DEPLOYMENT_TARGET = 14.0;
				LD_RUNPATH_SEARCH_PATHS = (
					"$(inherited)",
					"@executable_path/Frameworks",
					"@loader_path/Frameworks",
				);
				PRODUCT_BUNDLE_IDENTIFIER = "Sabaz-shereef.LifeTapTests";
				PRODUCT_NAME = "$(TARGET_NAME)";
				SWIFT_VERSION = 5.0;
				TARGETED_DEVICE_FAMILY = "1,2";
				TEST_HOST = "$(BUILT_PRODUCTS_DIR)/LifeTap.app/LifeTap";
			};
			name = Debug;
		};
		41578A9F265EAD6A008CD06C /* Release */ = {
			isa = XCBuildConfiguration;
			buildSettings = {
				ALWAYS_EMBED_SWIFT_STANDARD_LIBRARIES = YES;
				BUNDLE_LOADER = "$(TEST_HOST)";
				CODE_SIGN_STYLE = Automatic;
				DEVELOPMENT_TEAM = RYF43CDV33;
				INFOPLIST_FILE = LifeTapTests/Info.plist;
				IPHONEOS_DEPLOYMENT_TARGET = 14.0;
				LD_RUNPATH_SEARCH_PATHS = (
					"$(inherited)",
					"@executable_path/Frameworks",
					"@loader_path/Frameworks",
				);
				PRODUCT_BUNDLE_IDENTIFIER = "Sabaz-shereef.LifeTapTests";
				PRODUCT_NAME = "$(TARGET_NAME)";
				SWIFT_VERSION = 5.0;
				TARGETED_DEVICE_FAMILY = "1,2";
				TEST_HOST = "$(BUILT_PRODUCTS_DIR)/LifeTap.app/LifeTap";
			};
			name = Release;
		};
		41578AA1265EAD6A008CD06C /* Debug */ = {
			isa = XCBuildConfiguration;
			buildSettings = {
				ALWAYS_EMBED_SWIFT_STANDARD_LIBRARIES = YES;
				CODE_SIGN_STYLE = Automatic;
				DEVELOPMENT_TEAM = RYF43CDV33;
				INFOPLIST_FILE = LifeTapUITests/Info.plist;
				LD_RUNPATH_SEARCH_PATHS = (
					"$(inherited)",
					"@executable_path/Frameworks",
					"@loader_path/Frameworks",
				);
				PRODUCT_BUNDLE_IDENTIFIER = "Sabaz-shereef.LifeTapUITests";
				PRODUCT_NAME = "$(TARGET_NAME)";
				SWIFT_VERSION = 5.0;
				TARGETED_DEVICE_FAMILY = "1,2";
				TEST_TARGET_NAME = LifeTap;
			};
			name = Debug;
		};
		41578AA2265EAD6A008CD06C /* Release */ = {
			isa = XCBuildConfiguration;
			buildSettings = {
				ALWAYS_EMBED_SWIFT_STANDARD_LIBRARIES = YES;
				CODE_SIGN_STYLE = Automatic;
				DEVELOPMENT_TEAM = RYF43CDV33;
				INFOPLIST_FILE = LifeTapUITests/Info.plist;
				LD_RUNPATH_SEARCH_PATHS = (
					"$(inherited)",
					"@executable_path/Frameworks",
					"@loader_path/Frameworks",
				);
				PRODUCT_BUNDLE_IDENTIFIER = "Sabaz-shereef.LifeTapUITests";
				PRODUCT_NAME = "$(TARGET_NAME)";
				SWIFT_VERSION = 5.0;
				TARGETED_DEVICE_FAMILY = "1,2";
				TEST_TARGET_NAME = LifeTap;
			};
			name = Release;
		};
/* End XCBuildConfiguration section */

/* Begin XCConfigurationList section */
		41578A70265EAD64008CD06C /* Build configuration list for PBXProject "LifeTap" */ = {
			isa = XCConfigurationList;
			buildConfigurations = (
				41578A98265EAD6A008CD06C /* Debug */,
				41578A99265EAD6A008CD06C /* Release */,
			);
			defaultConfigurationIsVisible = 0;
			defaultConfigurationName = Release;
		};
		41578A9A265EAD6A008CD06C /* Build configuration list for PBXNativeTarget "LifeTap" */ = {
			isa = XCConfigurationList;
			buildConfigurations = (
				41578A9B265EAD6A008CD06C /* Debug */,
				41578A9C265EAD6A008CD06C /* Release */,
			);
			defaultConfigurationIsVisible = 0;
			defaultConfigurationName = Release;
		};
		41578A9D265EAD6A008CD06C /* Build configuration list for PBXNativeTarget "LifeTapTests" */ = {
			isa = XCConfigurationList;
			buildConfigurations = (
				41578A9E265EAD6A008CD06C /* Debug */,
				41578A9F265EAD6A008CD06C /* Release */,
			);
			defaultConfigurationIsVisible = 0;
			defaultConfigurationName = Release;
		};
		41578AA0265EAD6A008CD06C /* Build configuration list for PBXNativeTarget "LifeTapUITests" */ = {
			isa = XCConfigurationList;
			buildConfigurations = (
				41578AA1265EAD6A008CD06C /* Debug */,
				41578AA2265EAD6A008CD06C /* Release */,
			);
			defaultConfigurationIsVisible = 0;
			defaultConfigurationName = Release;
		};
/* End XCConfigurationList section */
	};
	rootObject = 41578A6D265EAD64008CD06C /* Project object */;
}
